
Microsoft Visual Studio Solution File, Format Version 12.00
# Visual Studio Version 16
VisualStudioVersion = 16.0.30503.244
MinimumVisualStudioVersion = 10.0.40219.1
Project("{FAE04EC0-301F-11D3-BF4B-00C04F79EFBC}") = "Algorithms", "Algorithms.csproj", "{FED54F56-AB8F-478C-9AE2-09664531C319}"
EndProject
Global
	GlobalSection(SolutionConfigurationPlatforms) = preSolution
		Debug|Any CPU = Debug|Any CPU
		Release|Any CPU = Release|Any CPU
	EndGlobalSection
	GlobalSection(ProjectConfigurationPlatforms) = postSolution
		{FED54F56-AB8F-478C-9AE2-09664531C319}.Debug|Any CPU.ActiveCfg = Debug|Any CPU
		{FED54F56-AB8F-478C-9AE2-09664531C319}.Debug|Any CPU.Build.0 = Debug|Any CPU
		{FED54F56-AB8F-478C-9AE2-09664531C319}.Release|Any CPU.ActiveCfg = Release|Any CPU
		{FED54F56-AB8F-478C-9AE2-09664531C319}.Release|Any CPU.Build.0 = Release|Any CPU
	EndGlobalSection
	GlobalSection(SolutionProperties) = preSolution
		HideSolutionNode = FALSE
	EndGlobalSection
	GlobalSection(ExtensibilityGlobals) = postSolution
		SolutionGuid = {B23E3631-F5E5-4224-BD76-6351F783B729}
	EndGlobalSection
EndGlobal
